
Microsoft Visual Studio Solution File, Format Version 12.00
# Visual Studio Version 16
VisualStudioVersion = 16.0.31205.134
MinimumVisualStudioVersion = 10.0.40219.1
Project("{9A19103F-16F7-4668-BE54-9A1E7A4F7556}") = "Merchants.POC.USAePAY.Console", "Merchants.POC.USAePAY.Console\Merchants.POC.USAePAY.Console.csproj", "{12A016E1-897E-432F-A65B-68475A81341B}"
EndProject
Project("{9A19103F-16F7-4668-BE54-9A1E7A4F7556}") = "USAePayServiceLib", "USAePayServiceLib\USAePayServiceLib.csproj", "{38821920-B3F8-4D37-B3FE-AE8B4600F173}"
EndProject
Project("{FAE04EC0-301F-11D3-BF4B-00C04F79EFBC}") = "Merchants.POC.USAePAY.Web", "Merchants.POC.USAePAY.Web\Merchants.POC.USAePAY.Web.csproj", "{F146260D-00A1-4545-B00F-A46057BAF41B}"
EndProject
Global
	GlobalSection(SolutionConfigurationPlatforms) = preSolution
		Debug|Any CPU = Debug|Any CPU
		Release|Any CPU = Release|Any CPU
	EndGlobalSection
	GlobalSection(ProjectConfigurationPlatforms) = postSolution
		{12A016E1-897E-432F-A65B-68475A81341B}.Debug|Any CPU.ActiveCfg = Debug|Any CPU
		{12A016E1-897E-432F-A65B-68475A81341B}.Debug|Any CPU.Build.0 = Debug|Any CPU
		{12A016E1-897E-432F-A65B-68475A81341B}.Release|Any CPU.ActiveCfg = Release|Any CPU
		{12A016E1-897E-432F-A65B-68475A81341B}.Release|Any CPU.Build.0 = Release|Any CPU
		{38821920-B3F8-4D37-B3FE-AE8B4600F173}.Debug|Any CPU.ActiveCfg = Debug|Any CPU
		{38821920-B3F8-4D37-B3FE-AE8B4600F173}.Debug|Any CPU.Build.0 = Debug|Any CPU
		{38821920-B3F8-4D37-B3FE-AE8B4600F173}.Release|Any CPU.ActiveCfg = Release|Any CPU
		{38821920-B3F8-4D37-B3FE-AE8B4600F173}.Release|Any CPU.Build.0 = Release|Any CPU
		{F146260D-00A1-4545-B00F-A46057BAF41B}.Debug|Any CPU.ActiveCfg = Debug|Any CPU
		{F146260D-00A1-4545-B00F-A46057BAF41B}.Debug|Any CPU.Build.0 = Debug|Any CPU
		{F146260D-00A1-4545-B00F-A46057BAF41B}.Release|Any CPU.ActiveCfg = Release|Any CPU
		{F146260D-00A1-4545-B00F-A46057BAF41B}.Release|Any CPU.Build.0 = Release|Any CPU
	EndGlobalSection
	GlobalSection(SolutionProperties) = preSolution
		HideSolutionNode = FALSE
	EndGlobalSection
	GlobalSection(ExtensibilityGlobals) = postSolution
		SolutionGuid = {BF9D8095-530C-45F2-A2B4-AFF2A087AEF7}
	EndGlobalSection
EndGlobal
